// !$*UTF8*$!
{
	archiveVersion = 1;
	classes = {
	};
	objectVersion = 55;
	objects = {

/* Begin PBXBuildFile section */
		5F15E7D1299505C800AE11DC /* AppDelegate.swift in Sources */ = {isa = PBXBuildFile; fileRef = 5F15E7D0299505C800AE11DC /* AppDelegate.swift */; };
		5F15E7D3299505C800AE11DC /* SceneDelegate.swift in Sources */ = {isa = PBXBuildFile; fileRef = 5F15E7D2299505C800AE11DC /* SceneDelegate.swift */; };
		5F15E7D5299505C800AE11DC /* GameView.swift in Sources */ = {isa = PBXBuildFile; fileRef = 5F15E7D4299505C800AE11DC /* GameView.swift */; };
		5F15E7D8299505C800AE11DC /* Main.storyboard in Resources */ = {isa = PBXBuildFile; fileRef = 5F15E7D6299505C800AE11DC /* Main.storyboard */; };
		5F15E7DA299505CF00AE11DC /* Assets.xcassets in Resources */ = {isa = PBXBuildFile; fileRef = 5F15E7D9299505CF00AE11DC /* Assets.xcassets */; };
		5F15E7DD299505CF00AE11DC /* LaunchScreen.storyboard in Resources */ = {isa = PBXBuildFile; fileRef = 5F15E7DB299505CF00AE11DC /* LaunchScreen.storyboard */; };
		5F15E7F2299505D000AE11DC /* Gaming_ApplicationUITests.swift in Sources */ = {isa = PBXBuildFile; fileRef = 5F15E7F1299505D000AE11DC /* Gaming_ApplicationUITests.swift */; };
		5F15E7F4299505D000AE11DC /* Gaming_ApplicationUITestsLaunchTests.swift in Sources */ = {isa = PBXBuildFile; fileRef = 5F15E7F3299505D000AE11DC /* Gaming_ApplicationUITestsLaunchTests.swift */; };
		5F15E8012995FF8B00AE11DC /* APIClient.swift in Sources */ = {isa = PBXBuildFile; fileRef = 5F15E8002995FF8B00AE11DC /* APIClient.swift */; };
		5F15E8032995FFF000AE11DC /* Errors.swift in Sources */ = {isa = PBXBuildFile; fileRef = 5F15E8022995FFF000AE11DC /* Errors.swift */; };
		5F15E8052996001600AE11DC /* URLRequestConvertibleType.swift in Sources */ = {isa = PBXBuildFile; fileRef = 5F15E8042996001600AE11DC /* URLRequestConvertibleType.swift */; };
		5F15E8072996047000AE11DC /* JsonParser.swift in Sources */ = {isa = PBXBuildFile; fileRef = 5F15E8062996047000AE11DC /* JsonParser.swift */; };
		5F15E80B2996106F00AE11DC /* GameViewModel.swift in Sources */ = {isa = PBXBuildFile; fileRef = 5F15E80A2996106F00AE11DC /* GameViewModel.swift */; };
		5F15E80D29974CB000AE11DC /* UIView.swift in Sources */ = {isa = PBXBuildFile; fileRef = 5F15E80C29974CB000AE11DC /* UIView.swift */; };
		5F15E81029974D5A00AE11DC /* GameDetailsViewModel.swift in Sources */ = {isa = PBXBuildFile; fileRef = 5F15E80F29974D5A00AE11DC /* GameDetailsViewModel.swift */; };
		5F15E8162997521200AE11DC /* UILabel.swift in Sources */ = {isa = PBXBuildFile; fileRef = 5F15E8152997521200AE11DC /* UILabel.swift */; };
		5F15E81A2997625900AE11DC /* ExpandableLabel.swift in Sources */ = {isa = PBXBuildFile; fileRef = 5F15E8192997625900AE11DC /* ExpandableLabel.swift */; };
		5F65A7EC299787EC00F75080 /* ImageService.swift in Sources */ = {isa = PBXBuildFile; fileRef = 5F65A7EB299787EC00F75080 /* ImageService.swift */; };
		5F65A7EE299788AC00F75080 /* Cancellable.swift in Sources */ = {isa = PBXBuildFile; fileRef = 5F65A7ED299788AC00F75080 /* Cancellable.swift */; };
		FA1FF70B29954F9D0047F8B7 /* GameViewCell.swift in Sources */ = {isa = PBXBuildFile; fileRef = FA1FF70929954F9D0047F8B7 /* GameViewCell.swift */; };
		FA1FF70C29954F9D0047F8B7 /* GameViewCell.xib in Resources */ = {isa = PBXBuildFile; fileRef = FA1FF70A29954F9D0047F8B7 /* GameViewCell.xib */; };
		FA1FF711299558CD0047F8B7 /* FavouriteView.swift in Sources */ = {isa = PBXBuildFile; fileRef = FA1FF710299558CD0047F8B7 /* FavouriteView.swift */; };
		FA1FF71529955EB70047F8B7 /* GameListModel.swift in Sources */ = {isa = PBXBuildFile; fileRef = FA1FF71429955EB70047F8B7 /* GameListModel.swift */; };
		FA1FF717299560CE0047F8B7 /* Constants.swift in Sources */ = {isa = PBXBuildFile; fileRef = FA1FF716299560CE0047F8B7 /* Constants.swift */; };
		FA3A53B529980ECA00490406 /* UserDefaults.swift in Sources */ = {isa = PBXBuildFile; fileRef = FA3A53B429980ECA00490406 /* UserDefaults.swift */; };
		FA3A53B7299810EE00490406 /* UIColor.swift in Sources */ = {isa = PBXBuildFile; fileRef = FA3A53B6299810EE00490406 /* UIColor.swift */; };
		FA3A53BC2998165400490406 /* Favourite.xcdatamodeld in Sources */ = {isa = PBXBuildFile; fileRef = FA3A53BA2998165400490406 /* Favourite.xcdatamodeld */; };
		FA3A53E22998187800490406 /* CoreDataHandler.swift in Sources */ = {isa = PBXBuildFile; fileRef = FA3A53E12998187800490406 /* CoreDataHandler.swift */; };
		FA3A53E42998299000490406 /* FavouriteViewModel.swift in Sources */ = {isa = PBXBuildFile; fileRef = FA3A53E32998299000490406 /* FavouriteViewModel.swift */; };
		FA3A53E62998378B00490406 /* URLs.swift in Sources */ = {isa = PBXBuildFile; fileRef = FA3A53E52998378B00490406 /* URLs.swift */; };
		FA4A751A29995ED100AA8F39 /* GameViewModelTests.swift in Sources */ = {isa = PBXBuildFile; fileRef = FA4A751929995ED100AA8F39 /* GameViewModelTests.swift */; };
		FA4A751C29995F4A00AA8F39 /* MockGameService.swift in Sources */ = {isa = PBXBuildFile; fileRef = FA4A751B29995F4A00AA8F39 /* MockGameService.swift */; };
		FA802CF929957386006124A4 /* GameDetailModel.swift in Sources */ = {isa = PBXBuildFile; fileRef = FA802CF829957386006124A4 /* GameDetailModel.swift */; };
		FA802CFB29957584006124A4 /* DetailView.swift in Sources */ = {isa = PBXBuildFile; fileRef = FA802CFA29957584006124A4 /* DetailView.swift */; };
		FA802CFD29957643006124A4 /* GameService.swift in Sources */ = {isa = PBXBuildFile; fileRef = FA802CFC29957643006124A4 /* GameService.swift */; };
/* End PBXBuildFile section */

/* Begin PBXContainerItemProxy section */
		5F15E7E4299505D000AE11DC /* PBXContainerItemProxy */ = {
			isa = PBXContainerItemProxy;
			containerPortal = 5F15E7C5299505C800AE11DC /* Project object */;
			proxyType = 1;
			remoteGlobalIDString = 5F15E7CC299505C800AE11DC;
			remoteInfo = "Gaming Application";
		};
		5F15E7EE299505D000AE11DC /* PBXContainerItemProxy */ = {
			isa = PBXContainerItemProxy;
			containerPortal = 5F15E7C5299505C800AE11DC /* Project object */;
			proxyType = 1;
			remoteGlobalIDString = 5F15E7CC299505C800AE11DC;
			remoteInfo = "Gaming Application";
		};
/* End PBXContainerItemProxy section */

/* Begin PBXFileReference section */
		5F15E7CD299505C800AE11DC /* Gaming Application.app */ = {isa = PBXFileReference; explicitFileType = wrapper.application; includeInIndex = 0; path = "Gaming Application.app"; sourceTree = BUILT_PRODUCTS_DIR; };
		5F15E7D0299505C800AE11DC /* AppDelegate.swift */ = {isa = PBXFileReference; lastKnownFileType = sourcecode.swift; path = AppDelegate.swift; sourceTree = "<group>"; };
		5F15E7D2299505C800AE11DC /* SceneDelegate.swift */ = {isa = PBXFileReference; lastKnownFileType = sourcecode.swift; path = SceneDelegate.swift; sourceTree = "<group>"; };
		5F15E7D4299505C800AE11DC /* GameView.swift */ = {isa = PBXFileReference; lastKnownFileType = sourcecode.swift; path = GameView.swift; sourceTree = "<group>"; };
		5F15E7D7299505C800AE11DC /* Base */ = {isa = PBXFileReference; lastKnownFileType = file.storyboard; name = Base; path = Base.lproj/Main.storyboard; sourceTree = "<group>"; };
		5F15E7D9299505CF00AE11DC /* Assets.xcassets */ = {isa = PBXFileReference; lastKnownFileType = folder.assetcatalog; path = Assets.xcassets; sourceTree = "<group>"; };
		5F15E7DC299505CF00AE11DC /* Base */ = {isa = PBXFileReference; lastKnownFileType = file.storyboard; name = Base; path = Base.lproj/LaunchScreen.storyboard; sourceTree = "<group>"; };
		5F15E7DE299505CF00AE11DC /* Info.plist */ = {isa = PBXFileReference; lastKnownFileType = text.plist.xml; path = Info.plist; sourceTree = "<group>"; };
		5F15E7E3299505D000AE11DC /* Gaming ApplicationTests.xctest */ = {isa = PBXFileReference; explicitFileType = wrapper.cfbundle; includeInIndex = 0; path = "Gaming ApplicationTests.xctest"; sourceTree = BUILT_PRODUCTS_DIR; };
		5F15E7ED299505D000AE11DC /* Gaming ApplicationUITests.xctest */ = {isa = PBXFileReference; explicitFileType = wrapper.cfbundle; includeInIndex = 0; path = "Gaming ApplicationUITests.xctest"; sourceTree = BUILT_PRODUCTS_DIR; };
		5F15E7F1299505D000AE11DC /* Gaming_ApplicationUITests.swift */ = {isa = PBXFileReference; lastKnownFileType = sourcecode.swift; path = Gaming_ApplicationUITests.swift; sourceTree = "<group>"; };
		5F15E7F3299505D000AE11DC /* Gaming_ApplicationUITestsLaunchTests.swift */ = {isa = PBXFileReference; lastKnownFileType = sourcecode.swift; path = Gaming_ApplicationUITestsLaunchTests.swift; sourceTree = "<group>"; };
		5F15E8002995FF8B00AE11DC /* APIClient.swift */ = {isa = PBXFileReference; lastKnownFileType = sourcecode.swift; path = APIClient.swift; sourceTree = "<group>"; };
		5F15E8022995FFF000AE11DC /* Errors.swift */ = {isa = PBXFileReference; lastKnownFileType = sourcecode.swift; path = Errors.swift; sourceTree = "<group>"; };
		5F15E8042996001600AE11DC /* URLRequestConvertibleType.swift */ = {isa = PBXFileReference; lastKnownFileType = sourcecode.swift; path = URLRequestConvertibleType.swift; sourceTree = "<group>"; };
		5F15E8062996047000AE11DC /* JsonParser.swift */ = {isa = PBXFileReference; lastKnownFileType = sourcecode.swift; path = JsonParser.swift; sourceTree = "<group>"; };
		5F15E80A2996106F00AE11DC /* GameViewModel.swift */ = {isa = PBXFileReference; lastKnownFileType = sourcecode.swift; path = GameViewModel.swift; sourceTree = "<group>"; };
		5F15E80C29974CB000AE11DC /* UIView.swift */ = {isa = PBXFileReference; lastKnownFileType = sourcecode.swift; path = UIView.swift; sourceTree = "<group>"; };
		5F15E80F29974D5A00AE11DC /* GameDetailsViewModel.swift */ = {isa = PBXFileReference; lastKnownFileType = sourcecode.swift; path = GameDetailsViewModel.swift; sourceTree = "<group>"; };
		5F15E8152997521200AE11DC /* UILabel.swift */ = {isa = PBXFileReference; lastKnownFileType = sourcecode.swift; path = UILabel.swift; sourceTree = "<group>"; };
		5F15E8192997625900AE11DC /* ExpandableLabel.swift */ = {isa = PBXFileReference; lastKnownFileType = sourcecode.swift; path = ExpandableLabel.swift; sourceTree = "<group>"; };
		5F65A7EB299787EC00F75080 /* ImageService.swift */ = {isa = PBXFileReference; lastKnownFileType = sourcecode.swift; path = ImageService.swift; sourceTree = "<group>"; };
		5F65A7ED299788AC00F75080 /* Cancellable.swift */ = {isa = PBXFileReference; lastKnownFileType = sourcecode.swift; path = Cancellable.swift; sourceTree = "<group>"; };
		FA1FF70929954F9D0047F8B7 /* GameViewCell.swift */ = {isa = PBXFileReference; lastKnownFileType = sourcecode.swift; path = GameViewCell.swift; sourceTree = "<group>"; };
		FA1FF70A29954F9D0047F8B7 /* GameViewCell.xib */ = {isa = PBXFileReference; lastKnownFileType = file.xib; path = GameViewCell.xib; sourceTree = "<group>"; };
		FA1FF710299558CD0047F8B7 /* FavouriteView.swift */ = {isa = PBXFileReference; lastKnownFileType = sourcecode.swift; path = FavouriteView.swift; sourceTree = "<group>"; };
		FA1FF71429955EB70047F8B7 /* GameListModel.swift */ = {isa = PBXFileReference; lastKnownFileType = sourcecode.swift; path = GameListModel.swift; sourceTree = "<group>"; };
		FA1FF716299560CE0047F8B7 /* Constants.swift */ = {isa = PBXFileReference; lastKnownFileType = sourcecode.swift; path = Constants.swift; sourceTree = "<group>"; };
		FA3A53B429980ECA00490406 /* UserDefaults.swift */ = {isa = PBXFileReference; lastKnownFileType = sourcecode.swift; path = UserDefaults.swift; sourceTree = "<group>"; };
		FA3A53B6299810EE00490406 /* UIColor.swift */ = {isa = PBXFileReference; lastKnownFileType = sourcecode.swift; path = UIColor.swift; sourceTree = "<group>"; };
		FA3A53BB2998165400490406 /* Favourite.xcdatamodel */ = {isa = PBXFileReference; lastKnownFileType = wrapper.xcdatamodel; path = Favourite.xcdatamodel; sourceTree = "<group>"; };
		FA3A53E12998187800490406 /* CoreDataHandler.swift */ = {isa = PBXFileReference; lastKnownFileType = sourcecode.swift; path = CoreDataHandler.swift; sourceTree = "<group>"; };
		FA3A53E32998299000490406 /* FavouriteViewModel.swift */ = {isa = PBXFileReference; lastKnownFileType = sourcecode.swift; path = FavouriteViewModel.swift; sourceTree = "<group>"; };
		FA3A53E52998378B00490406 /* URLs.swift */ = {isa = PBXFileReference; lastKnownFileType = sourcecode.swift; path = URLs.swift; sourceTree = "<group>"; };
		FA4A751929995ED100AA8F39 /* GameViewModelTests.swift */ = {isa = PBXFileReference; lastKnownFileType = sourcecode.swift; path = GameViewModelTests.swift; sourceTree = "<group>"; };
		FA4A751B29995F4A00AA8F39 /* MockGameService.swift */ = {isa = PBXFileReference; lastKnownFileType = sourcecode.swift; path = MockGameService.swift; sourceTree = "<group>"; };
		FA802CF829957386006124A4 /* GameDetailModel.swift */ = {isa = PBXFileReference; lastKnownFileType = sourcecode.swift; path = GameDetailModel.swift; sourceTree = "<group>"; };
		FA802CFA29957584006124A4 /* DetailView.swift */ = {isa = PBXFileReference; lastKnownFileType = sourcecode.swift; path = DetailView.swift; sourceTree = "<group>"; };
		FA802CFC29957643006124A4 /* GameService.swift */ = {isa = PBXFileReference; lastKnownFileType = sourcecode.swift; path = GameService.swift; sourceTree = "<group>"; };
/* End PBXFileReference section */

/* Begin PBXFrameworksBuildPhase section */
		5F15E7CA299505C800AE11DC /* Frameworks */ = {
			isa = PBXFrameworksBuildPhase;
			buildActionMask = 2147483647;
			files = (
			);
			runOnlyForDeploymentPostprocessing = 0;
		};
		5F15E7E0299505D000AE11DC /* Frameworks */ = {
			isa = PBXFrameworksBuildPhase;
			buildActionMask = 2147483647;
			files = (
			);
			runOnlyForDeploymentPostprocessing = 0;
		};
		5F15E7EA299505D000AE11DC /* Frameworks */ = {
			isa = PBXFrameworksBuildPhase;
			buildActionMask = 2147483647;
			files = (
			);
			runOnlyForDeploymentPostprocessing = 0;
		};
/* End PBXFrameworksBuildPhase section */

/* Begin PBXGroup section */
		5F15E7C4299505C800AE11DC = {
			isa = PBXGroup;
			children = (
				5F15E7CF299505C800AE11DC /* Gaming Application */,
				5F15E7E6299505D000AE11DC /* Gaming ApplicationTests */,
				5F15E7F0299505D000AE11DC /* Gaming ApplicationUITests */,
				5F15E7CE299505C800AE11DC /* Products */,
			);
			sourceTree = "<group>";
		};
		5F15E7CE299505C800AE11DC /* Products */ = {
			isa = PBXGroup;
			children = (
				5F15E7CD299505C800AE11DC /* Gaming Application.app */,
				5F15E7E3299505D000AE11DC /* Gaming ApplicationTests.xctest */,
				5F15E7ED299505D000AE11DC /* Gaming ApplicationUITests.xctest */,
			);
			name = Products;
			sourceTree = "<group>";
		};
		5F15E7CF299505C800AE11DC /* Gaming Application */ = {
			isa = PBXGroup;
			children = (
				FA1FF71A29956BF50047F8B7 /* Application */,
				FA1FF71B29956C130047F8B7 /* Extensions */,
				FA1FF71C29956C360047F8B7 /* Views */,
				5F15E8092996104600AE11DC /* ViewModel */,
				FA1FF71E29956C850047F8B7 /* Models */,
				FA1FF72029956CE60047F8B7 /* Network */,
				FA1FF72129956CF40047F8B7 /* Utilities */,
				FA3A53B329980EA500490406 /* Storage */,
			);
			path = "Gaming Application";
			sourceTree = "<group>";
		};
		5F15E7E6299505D000AE11DC /* Gaming ApplicationTests */ = {
			isa = PBXGroup;
			children = (
				FA4A751929995ED100AA8F39 /* GameViewModelTests.swift */,
				FA4A751B29995F4A00AA8F39 /* MockGameService.swift */,
			);
			path = "Gaming ApplicationTests";
			sourceTree = "<group>";
		};
		5F15E7F0299505D000AE11DC /* Gaming ApplicationUITests */ = {
			isa = PBXGroup;
			children = (
				5F15E7F1299505D000AE11DC /* Gaming_ApplicationUITests.swift */,
				5F15E7F3299505D000AE11DC /* Gaming_ApplicationUITestsLaunchTests.swift */,
			);
			path = "Gaming ApplicationUITests";
			sourceTree = "<group>";
		};
		5F15E8092996104600AE11DC /* ViewModel */ = {
			isa = PBXGroup;
			children = (
				5F15E80A2996106F00AE11DC /* GameViewModel.swift */,
				5F15E80F29974D5A00AE11DC /* GameDetailsViewModel.swift */,
				FA3A53E32998299000490406 /* FavouriteViewModel.swift */,
			);
			path = ViewModel;
			sourceTree = "<group>";
		};
		FA1FF71A29956BF50047F8B7 /* Application */ = {
			isa = PBXGroup;
			children = (
				5F15E7D9299505CF00AE11DC /* Assets.xcassets */,
				5F15E7DB299505CF00AE11DC /* LaunchScreen.storyboard */,
				5F15E7DE299505CF00AE11DC /* Info.plist */,
				5F15E7D0299505C800AE11DC /* AppDelegate.swift */,
				5F15E7D2299505C800AE11DC /* SceneDelegate.swift */,
			);
			path = Application;
			sourceTree = "<group>";
		};
		FA1FF71B29956C130047F8B7 /* Extensions */ = {
			isa = PBXGroup;
			children = (
				5F15E80C29974CB000AE11DC /* UIView.swift */,
				5F15E8152997521200AE11DC /* UILabel.swift */,
				5F15E8192997625900AE11DC /* ExpandableLabel.swift */,
				FA3A53B429980ECA00490406 /* UserDefaults.swift */,
				FA3A53B6299810EE00490406 /* UIColor.swift */,
			);
			path = Extensions;
			sourceTree = "<group>";
		};
		FA1FF71C29956C360047F8B7 /* Views */ = {
			isa = PBXGroup;
			children = (
				FA1FF71D29956C420047F8B7 /* GameViewCell */,
				5F15E7D6299505C800AE11DC /* Main.storyboard */,
				5F15E7D4299505C800AE11DC /* GameView.swift */,
				FA1FF710299558CD0047F8B7 /* FavouriteView.swift */,
				FA802CFA29957584006124A4 /* DetailView.swift */,
			);
			path = Views;
			sourceTree = "<group>";
		};
		FA1FF71D29956C420047F8B7 /* GameViewCell */ = {
			isa = PBXGroup;
			children = (
				FA1FF70929954F9D0047F8B7 /* GameViewCell.swift */,
				FA1FF70A29954F9D0047F8B7 /* GameViewCell.xib */,
			);
			path = GameViewCell;
			sourceTree = "<group>";
		};
		FA1FF71E29956C850047F8B7 /* Models */ = {
			isa = PBXGroup;
			children = (
				FA1FF71429955EB70047F8B7 /* GameListModel.swift */,
				FA802CF829957386006124A4 /* GameDetailModel.swift */,
			);
			path = Models;
			sourceTree = "<group>";
		};
		FA1FF72029956CE60047F8B7 /* Network */ = {
			isa = PBXGroup;
			children = (
				FA802CFC29957643006124A4 /* GameService.swift */,
				5F15E8002995FF8B00AE11DC /* APIClient.swift */,
				5F15E8022995FFF000AE11DC /* Errors.swift */,
				5F15E8042996001600AE11DC /* URLRequestConvertibleType.swift */,
				5F15E8062996047000AE11DC /* JsonParser.swift */,
				5F65A7EB299787EC00F75080 /* ImageService.swift */,
				5F65A7ED299788AC00F75080 /* Cancellable.swift */,
				FA3A53E52998378B00490406 /* URLs.swift */,
			);
			path = Network;
			sourceTree = "<group>";
		};
		FA1FF72129956CF40047F8B7 /* Utilities */ = {
			isa = PBXGroup;
			children = (
				FA1FF716299560CE0047F8B7 /* Constants.swift */,
			);
			path = Utilities;
			sourceTree = "<group>";
		};
		FA3A53B329980EA500490406 /* Storage */ = {
			isa = PBXGroup;
			children = (
				FA3A53E02998186400490406 /* CoreData */,
			);
			path = Storage;
			sourceTree = "<group>";
		};
		FA3A53E02998186400490406 /* CoreData */ = {
			isa = PBXGroup;
			children = (
				FA3A53BA2998165400490406 /* Favourite.xcdatamodeld */,
				FA3A53E12998187800490406 /* CoreDataHandler.swift */,
			);
			path = CoreData;
			sourceTree = "<group>";
		};
/* End PBXGroup section */

/* Begin PBXNativeTarget section */
		5F15E7CC299505C800AE11DC /* Gaming Application */ = {
			isa = PBXNativeTarget;
			buildConfigurationList = 5F15E7F7299505D000AE11DC /* Build configuration list for PBXNativeTarget "Gaming Application" */;
			buildPhases = (
				5F15E7C9299505C800AE11DC /* Sources */,
				5F15E7CA299505C800AE11DC /* Frameworks */,
				5F15E7CB299505C800AE11DC /* Resources */,
			);
			buildRules = (
			);
			dependencies = (
			);
			name = "Gaming Application";
			productName = "Gaming Application";
			productReference = 5F15E7CD299505C800AE11DC /* Gaming Application.app */;
			productType = "com.apple.product-type.application";
		};
		5F15E7E2299505D000AE11DC /* Gaming ApplicationTests */ = {
			isa = PBXNativeTarget;
			buildConfigurationList = 5F15E7FA299505D000AE11DC /* Build configuration list for PBXNativeTarget "Gaming ApplicationTests" */;
			buildPhases = (
				5F15E7DF299505D000AE11DC /* Sources */,
				5F15E7E0299505D000AE11DC /* Frameworks */,
				5F15E7E1299505D000AE11DC /* Resources */,
			);
			buildRules = (
			);
			dependencies = (
				5F15E7E5299505D000AE11DC /* PBXTargetDependency */,
			);
			name = "Gaming ApplicationTests";
			productName = "Gaming ApplicationTests";
			productReference = 5F15E7E3299505D000AE11DC /* Gaming ApplicationTests.xctest */;
			productType = "com.apple.product-type.bundle.unit-test";
		};
		5F15E7EC299505D000AE11DC /* Gaming ApplicationUITests */ = {
			isa = PBXNativeTarget;
			buildConfigurationList = 5F15E7FD299505D000AE11DC /* Build configuration list for PBXNativeTarget "Gaming ApplicationUITests" */;
			buildPhases = (
				5F15E7E9299505D000AE11DC /* Sources */,
				5F15E7EA299505D000AE11DC /* Frameworks */,
				5F15E7EB299505D000AE11DC /* Resources */,
			);
			buildRules = (
			);
			dependencies = (
				5F15E7EF299505D000AE11DC /* PBXTargetDependency */,
			);
			name = "Gaming ApplicationUITests";
			productName = "Gaming ApplicationUITests";
			productReference = 5F15E7ED299505D000AE11DC /* Gaming ApplicationUITests.xctest */;
			productType = "com.apple.product-type.bundle.ui-testing";
		};
/* End PBXNativeTarget section */

/* Begin PBXProject section */
		5F15E7C5299505C800AE11DC /* Project object */ = {
			isa = PBXProject;
			attributes = {
				BuildIndependentTargetsInParallel = 1;
				LastSwiftUpdateCheck = 1410;
				LastUpgradeCheck = 1410;
				TargetAttributes = {
					5F15E7CC299505C800AE11DC = {
						CreatedOnToolsVersion = 14.1;
					};
					5F15E7E2299505D000AE11DC = {
						CreatedOnToolsVersion = 14.1;
						LastSwiftMigration = 1320;
						TestTargetID = 5F15E7CC299505C800AE11DC;
					};
					5F15E7EC299505D000AE11DC = {
						CreatedOnToolsVersion = 14.1;
						TestTargetID = 5F15E7CC299505C800AE11DC;
					};
				};
			};
			buildConfigurationList = 5F15E7C8299505C800AE11DC /* Build configuration list for PBXProject "Gaming Application" */;
			compatibilityVersion = "Xcode 13.0";
			developmentRegion = en;
			hasScannedForEncodings = 0;
			knownRegions = (
				en,
				Base,
			);
			mainGroup = 5F15E7C4299505C800AE11DC;
			productRefGroup = 5F15E7CE299505C800AE11DC /* Products */;
			projectDirPath = "";
			projectRoot = "";
			targets = (
				5F15E7CC299505C800AE11DC /* Gaming Application */,
				5F15E7E2299505D000AE11DC /* Gaming ApplicationTests */,
				5F15E7EC299505D000AE11DC /* Gaming ApplicationUITests */,
			);
		};
/* End PBXProject section */

/* Begin PBXResourcesBuildPhase section */
		5F15E7CB299505C800AE11DC /* Resources */ = {
			isa = PBXResourcesBuildPhase;
			buildActionMask = 2147483647;
			files = (
				5F15E7DD299505CF00AE11DC /* LaunchScreen.storyboard in Resources */,
				5F15E7DA299505CF00AE11DC /* Assets.xcassets in Resources */,
				FA1FF70C29954F9D0047F8B7 /* GameViewCell.xib in Resources */,
				5F15E7D8299505C800AE11DC /* Main.storyboard in Resources */,
			);
			runOnlyForDeploymentPostprocessing = 0;
		};
		5F15E7E1299505D000AE11DC /* Resources */ = {
			isa = PBXResourcesBuildPhase;
			buildActionMask = 2147483647;
			files = (
			);
			runOnlyForDeploymentPostprocessing = 0;
		};
		5F15E7EB299505D000AE11DC /* Resources */ = {
			isa = PBXResourcesBuildPhase;
			buildActionMask = 2147483647;
			files = (
			);
			runOnlyForDeploymentPostprocessing = 0;
		};
/* End PBXResourcesBuildPhase section */

/* Begin PBXSourcesBuildPhase section */
		5F15E7C9299505C800AE11DC /* Sources */ = {
			isa = PBXSourcesBuildPhase;
			buildActionMask = 2147483647;
			files = (
				5F15E7D5299505C800AE11DC /* GameView.swift in Sources */,
				FA1FF71529955EB70047F8B7 /* GameListModel.swift in Sources */,
				5F15E8072996047000AE11DC /* JsonParser.swift in Sources */,
				FA3A53E62998378B00490406 /* URLs.swift in Sources */,
				FA802CFD29957643006124A4 /* GameService.swift in Sources */,
				FA3A53BC2998165400490406 /* Favourite.xcdatamodeld in Sources */,
				5F15E7D1299505C800AE11DC /* AppDelegate.swift in Sources */,
				5F15E81029974D5A00AE11DC /* GameDetailsViewModel.swift in Sources */,
				FA1FF711299558CD0047F8B7 /* FavouriteView.swift in Sources */,
				5F15E8052996001600AE11DC /* URLRequestConvertibleType.swift in Sources */,
				5F15E80B2996106F00AE11DC /* GameViewModel.swift in Sources */,
				FA802CF929957386006124A4 /* GameDetailModel.swift in Sources */,
				FA3A53B7299810EE00490406 /* UIColor.swift in Sources */,
				5F15E8162997521200AE11DC /* UILabel.swift in Sources */,
				5F15E8032995FFF000AE11DC /* Errors.swift in Sources */,
				FA802CFB29957584006124A4 /* DetailView.swift in Sources */,
				FA3A53E22998187800490406 /* CoreDataHandler.swift in Sources */,
				5F15E8012995FF8B00AE11DC /* APIClient.swift in Sources */,
				FA3A53B529980ECA00490406 /* UserDefaults.swift in Sources */,
				FA1FF70B29954F9D0047F8B7 /* GameViewCell.swift in Sources */,
				5F15E7D3299505C800AE11DC /* SceneDelegate.swift in Sources */,
				5F15E80D29974CB000AE11DC /* UIView.swift in Sources */,
				FA1FF717299560CE0047F8B7 /* Constants.swift in Sources */,
				FA3A53E42998299000490406 /* FavouriteViewModel.swift in Sources */,
				5F65A7EC299787EC00F75080 /* ImageService.swift in Sources */,
				5F15E81A2997625900AE11DC /* ExpandableLabel.swift in Sources */,
				5F65A7EE299788AC00F75080 /* Cancellable.swift in Sources */,
			);
			runOnlyForDeploymentPostprocessing = 0;
		};
		5F15E7DF299505D000AE11DC /* Sources */ = {
			isa = PBXSourcesBuildPhase;
			buildActionMask = 2147483647;
			files = (
				FA4A751A29995ED100AA8F39 /* GameViewModelTests.swift in Sources */,
				FA4A751C29995F4A00AA8F39 /* MockGameService.swift in Sources */,
			);
			runOnlyForDeploymentPostprocessing = 0;
		};
		5F15E7E9299505D000AE11DC /* Sources */ = {
			isa = PBXSourcesBuildPhase;
			buildActionMask = 2147483647;
			files = (
				5F15E7F4299505D000AE11DC /* Gaming_ApplicationUITestsLaunchTests.swift in Sources */,
				5F15E7F2299505D000AE11DC /* Gaming_ApplicationUITests.swift in Sources */,
			);
			runOnlyForDeploymentPostprocessing = 0;
		};
/* End PBXSourcesBuildPhase section */

/* Begin PBXTargetDependency section */
		5F15E7E5299505D000AE11DC /* PBXTargetDependency */ = {
			isa = PBXTargetDependency;
			target = 5F15E7CC299505C800AE11DC /* Gaming Application */;
			targetProxy = 5F15E7E4299505D000AE11DC /* PBXContainerItemProxy */;
		};
		5F15E7EF299505D000AE11DC /* PBXTargetDependency */ = {
			isa = PBXTargetDependency;
			target = 5F15E7CC299505C800AE11DC /* Gaming Application */;
			targetProxy = 5F15E7EE299505D000AE11DC /* PBXContainerItemProxy */;
		};
/* End PBXTargetDependency section */

/* Begin PBXVariantGroup section */
		5F15E7D6299505C800AE11DC /* Main.storyboard */ = {
			isa = PBXVariantGroup;
			children = (
				5F15E7D7299505C800AE11DC /* Base */,
			);
			name = Main.storyboard;
			sourceTree = "<group>";
		};
		5F15E7DB299505CF00AE11DC /* LaunchScreen.storyboard */ = {
			isa = PBXVariantGroup;
			children = (
				5F15E7DC299505CF00AE11DC /* Base */,
			);
			name = LaunchScreen.storyboard;
			sourceTree = "<group>";
		};
/* End PBXVariantGroup section */

/* Begin XCBuildConfiguration section */
		5F15E7F5299505D000AE11DC /* Debug */ = {
			isa = XCBuildConfiguration;
			buildSettings = {
				ALWAYS_SEARCH_USER_PATHS = NO;
				CLANG_ANALYZER_NONNULL = YES;
				CLANG_ANALYZER_NUMBER_OBJECT_CONVERSION = YES_AGGRESSIVE;
				CLANG_CXX_LANGUAGE_STANDARD = "gnu++20";
				CLANG_ENABLE_MODULES = YES;
				CLANG_ENABLE_OBJC_ARC = YES;
				CLANG_ENABLE_OBJC_WEAK = YES;
				CLANG_WARN_BLOCK_CAPTURE_AUTORELEASING = YES;
				CLANG_WARN_BOOL_CONVERSION = YES;
				CLANG_WARN_COMMA = YES;
				CLANG_WARN_CONSTANT_CONVERSION = YES;
				CLANG_WARN_DEPRECATED_OBJC_IMPLEMENTATIONS = YES;
				CLANG_WARN_DIRECT_OBJC_ISA_USAGE = YES_ERROR;
				CLANG_WARN_DOCUMENTATION_COMMENTS = YES;
				CLANG_WARN_EMPTY_BODY = YES;
				CLANG_WARN_ENUM_CONVERSION = YES;
				CLANG_WARN_INFINITE_RECURSION = YES;
				CLANG_WARN_INT_CONVERSION = YES;
				CLANG_WARN_NON_LITERAL_NULL_CONVERSION = YES;
				CLANG_WARN_OBJC_IMPLICIT_RETAIN_SELF = YES;
				CLANG_WARN_OBJC_LITERAL_CONVERSION = YES;
				CLANG_WARN_OBJC_ROOT_CLASS = YES_ERROR;
				CLANG_WARN_QUOTED_INCLUDE_IN_FRAMEWORK_HEADER = YES;
				CLANG_WARN_RANGE_LOOP_ANALYSIS = YES;
				CLANG_WARN_STRICT_PROTOTYPES = YES;
				CLANG_WARN_SUSPICIOUS_MOVE = YES;
				CLANG_WARN_UNGUARDED_AVAILABILITY = YES_AGGRESSIVE;
				CLANG_WARN_UNREACHABLE_CODE = YES;
				CLANG_WARN__DUPLICATE_METHOD_MATCH = YES;
				COPY_PHASE_STRIP = NO;
				DEBUG_INFORMATION_FORMAT = dwarf;
				ENABLE_STRICT_OBJC_MSGSEND = YES;
				ENABLE_TESTABILITY = YES;
				GCC_C_LANGUAGE_STANDARD = gnu11;
				GCC_DYNAMIC_NO_PIC = NO;
				GCC_NO_COMMON_BLOCKS = YES;
				GCC_OPTIMIZATION_LEVEL = 0;
				GCC_PREPROCESSOR_DEFINITIONS = (
					"DEBUG=1",
					"$(inherited)",
				);
				GCC_WARN_64_TO_32_BIT_CONVERSION = YES;
				GCC_WARN_ABOUT_RETURN_TYPE = YES_ERROR;
				GCC_WARN_UNDECLARED_SELECTOR = YES;
				GCC_WARN_UNINITIALIZED_AUTOS = YES_AGGRESSIVE;
				GCC_WARN_UNUSED_FUNCTION = YES;
				GCC_WARN_UNUSED_VARIABLE = YES;
				IPHONEOS_DEPLOYMENT_TARGET = 11.0;
				MTL_ENABLE_DEBUG_INFO = INCLUDE_SOURCE;
				MTL_FAST_MATH = YES;
				ONLY_ACTIVE_ARCH = YES;
				SDKROOT = iphoneos;
				SWIFT_ACTIVE_COMPILATION_CONDITIONS = DEBUG;
				SWIFT_OPTIMIZATION_LEVEL = "-Onone";
			};
			name = Debug;
		};
		5F15E7F6299505D000AE11DC /* Release */ = {
			isa = XCBuildConfiguration;
			buildSettings = {
				ALWAYS_SEARCH_USER_PATHS = NO;
				CLANG_ANALYZER_NONNULL = YES;
				CLANG_ANALYZER_NUMBER_OBJECT_CONVERSION = YES_AGGRESSIVE;
				CLANG_CXX_LANGUAGE_STANDARD = "gnu++20";
				CLANG_ENABLE_MODULES = YES;
				CLANG_ENABLE_OBJC_ARC = YES;
				CLANG_ENABLE_OBJC_WEAK = YES;
				CLANG_WARN_BLOCK_CAPTURE_AUTORELEASING = YES;
				CLANG_WARN_BOOL_CONVERSION = YES;
				CLANG_WARN_COMMA = YES;
				CLANG_WARN_CONSTANT_CONVERSION = YES;
				CLANG_WARN_DEPRECATED_OBJC_IMPLEMENTATIONS = YES;
				CLANG_WARN_DIRECT_OBJC_ISA_USAGE = YES_ERROR;
				CLANG_WARN_DOCUMENTATION_COMMENTS = YES;
				CLANG_WARN_EMPTY_BODY = YES;
				CLANG_WARN_ENUM_CONVERSION = YES;
				CLANG_WARN_INFINITE_RECURSION = YES;
				CLANG_WARN_INT_CONVERSION = YES;
				CLANG_WARN_NON_LITERAL_NULL_CONVERSION = YES;
				CLANG_WARN_OBJC_IMPLICIT_RETAIN_SELF = YES;
				CLANG_WARN_OBJC_LITERAL_CONVERSION = YES;
				CLANG_WARN_OBJC_ROOT_CLASS = YES_ERROR;
				CLANG_WARN_QUOTED_INCLUDE_IN_FRAMEWORK_HEADER = YES;
				CLANG_WARN_RANGE_LOOP_ANALYSIS = YES;
				CLANG_WARN_STRICT_PROTOTYPES = YES;
				CLANG_WARN_SUSPICIOUS_MOVE = YES;
				CLANG_WARN_UNGUARDED_AVAILABILITY = YES_AGGRESSIVE;
				CLANG_WARN_UNREACHABLE_CODE = YES;
				CLANG_WARN__DUPLICATE_METHOD_MATCH = YES;
				COPY_PHASE_STRIP = NO;
				DEBUG_INFORMATION_FORMAT = "dwarf-with-dsym";
				ENABLE_NS_ASSERTIONS = NO;
				ENABLE_STRICT_OBJC_MSGSEND = YES;
				GCC_C_LANGUAGE_STANDARD = gnu11;
				GCC_NO_COMMON_BLOCKS = YES;
				GCC_WARN_64_TO_32_BIT_CONVERSION = YES;
				GCC_WARN_ABOUT_RETURN_TYPE = YES_ERROR;
				GCC_WARN_UNDECLARED_SELECTOR = YES;
				GCC_WARN_UNINITIALIZED_AUTOS = YES_AGGRESSIVE;
				GCC_WARN_UNUSED_FUNCTION = YES;
				GCC_WARN_UNUSED_VARIABLE = YES;
				IPHONEOS_DEPLOYMENT_TARGET = 11.0;
				MTL_ENABLE_DEBUG_INFO = NO;
				MTL_FAST_MATH = YES;
				SDKROOT = iphoneos;
				SWIFT_COMPILATION_MODE = wholemodule;
				SWIFT_OPTIMIZATION_LEVEL = "-O";
				VALIDATE_PRODUCT = YES;
			};
			name = Release;
		};
		5F15E7F8299505D000AE11DC /* Debug */ = {
			isa = XCBuildConfiguration;
			buildSettings = {
				API_KEY = 80f516ce346c4f829928980ec4779fee;
				ASSETCATALOG_COMPILER_APPICON_NAME = AppIcon;
				ASSETCATALOG_COMPILER_GLOBAL_ACCENT_COLOR_NAME = AccentColor;
				BASE_URL = api.rawg.io;
				CODE_SIGN_STYLE = Automatic;
				CURRENT_PROJECT_VERSION = 1;
				GENERATE_INFOPLIST_FILE = YES;
				INFOPLIST_FILE = "Gaming Application/Application/Info.plist";
				INFOPLIST_KEY_UIApplicationSupportsIndirectInputEvents = YES;
				INFOPLIST_KEY_UILaunchStoryboardName = LaunchScreen;
				INFOPLIST_KEY_UIMainStoryboardFile = Main;
				INFOPLIST_KEY_UISupportedInterfaceOrientations_iPad = "UIInterfaceOrientationPortrait UIInterfaceOrientationPortraitUpsideDown UIInterfaceOrientationLandscapeLeft UIInterfaceOrientationLandscapeRight";
				INFOPLIST_KEY_UISupportedInterfaceOrientations_iPhone = "UIInterfaceOrientationPortrait UIInterfaceOrientationLandscapeLeft UIInterfaceOrientationLandscapeRight";
				IPHONEOS_DEPLOYMENT_TARGET = 11.0;
				LD_RUNPATH_SEARCH_PATHS = (
					"$(inherited)",
					"@executable_path/Frameworks",
				);
				MARKETING_VERSION = 1.0;
				PRODUCT_BUNDLE_IDENTIFIER = "com.alimurad.gamingapp.Gaming-Application";
				PRODUCT_NAME = "$(TARGET_NAME)";
				SWIFT_EMIT_LOC_STRINGS = YES;
				SWIFT_VERSION = 5.0;
				TARGETED_DEVICE_FAMILY = "1,2";
			};
			name = Debug;
		};
		5F15E7F9299505D000AE11DC /* Release */ = {
			isa = XCBuildConfiguration;
			buildSettings = {
				API_KEY = 80f516ce346c4f829928980ec4779fee;
				ASSETCATALOG_COMPILER_APPICON_NAME = AppIcon;
				ASSETCATALOG_COMPILER_GLOBAL_ACCENT_COLOR_NAME = AccentColor;
				BASE_URL = api.rawg.io;
				CODE_SIGN_STYLE = Automatic;
				CURRENT_PROJECT_VERSION = 1;
				GENERATE_INFOPLIST_FILE = YES;
				INFOPLIST_FILE = "Gaming Application/Application/Info.plist";
				INFOPLIST_KEY_UIApplicationSupportsIndirectInputEvents = YES;
				INFOPLIST_KEY_UILaunchStoryboardName = LaunchScreen;
				INFOPLIST_KEY_UIMainStoryboardFile = Main;
				INFOPLIST_KEY_UISupportedInterfaceOrientations_iPad = "UIInterfaceOrientationPortrait UIInterfaceOrientationPortraitUpsideDown UIInterfaceOrientationLandscapeLeft UIInterfaceOrientationLandscapeRight";
				INFOPLIST_KEY_UISupportedInterfaceOrientations_iPhone = "UIInterfaceOrientationPortrait UIInterfaceOrientationLandscapeLeft UIInterfaceOrientationLandscapeRight";
				IPHONEOS_DEPLOYMENT_TARGET = 11.0;
				LD_RUNPATH_SEARCH_PATHS = (
					"$(inherited)",
					"@executable_path/Frameworks",
				);
				MARKETING_VERSION = 1.0;
				PRODUCT_BUNDLE_IDENTIFIER = "com.alimurad.gamingapp.Gaming-Application";
				PRODUCT_NAME = "$(TARGET_NAME)";
				SWIFT_ACTIVE_COMPILATION_CONDITIONS = RELEASE;
				SWIFT_EMIT_LOC_STRINGS = YES;
				SWIFT_VERSION = 5.0;
				TARGETED_DEVICE_FAMILY = "1,2";
			};
			name = Release;
		};
		5F15E7FB299505D000AE11DC /* Debug */ = {
			isa = XCBuildConfiguration;
			buildSettings = {
				ALWAYS_EMBED_SWIFT_STANDARD_LIBRARIES = YES;
				BUNDLE_LOADER = "$(TEST_HOST)";
				CLANG_ENABLE_MODULES = YES;
				CODE_SIGN_STYLE = Automatic;
				CURRENT_PROJECT_VERSION = 1;
				GENERATE_INFOPLIST_FILE = YES;
				IPHONEOS_DEPLOYMENT_TARGET = 16.1;
				LD_RUNPATH_SEARCH_PATHS = (
					"$(inherited)",
					"@executable_path/Frameworks",
					"@loader_path/Frameworks",
				);
				MARKETING_VERSION = 1.0;
				PRODUCT_BUNDLE_IDENTIFIER = "com.alimurad.gamingapp.Gaming-ApplicationTests";
				PRODUCT_NAME = "$(TARGET_NAME)";
				SWIFT_EMIT_LOC_STRINGS = NO;
				SWIFT_OBJC_BRIDGING_HEADER = "Gaming ApplicationTests/Gaming ApplicationTests-Bridging-Header.h";
				SWIFT_OPTIMIZATION_LEVEL = "-Onone";
				SWIFT_VERSION = 5.0;
				TARGETED_DEVICE_FAMILY = "1,2";
				TEST_HOST = "$(BUILT_PRODUCTS_DIR)/Gaming Application.app/Gaming Application";
			};
			name = Debug;
		};
		5F15E7FC299505D000AE11DC /* Release */ = {
			isa = XCBuildConfiguration;
			buildSettings = {
				ALWAYS_EMBED_SWIFT_STANDARD_LIBRARIES = YES;
				BUNDLE_LOADER = "$(TEST_HOST)";
				CLANG_ENABLE_MODULES = YES;
				CODE_SIGN_STYLE = Automatic;
				CURRENT_PROJECT_VERSION = 1;
				GENERATE_INFOPLIST_FILE = YES;
				IPHONEOS_DEPLOYMENT_TARGET = 16.1;
				LD_RUNPATH_SEARCH_PATHS = (
					"$(inherited)",
					"@executable_path/Frameworks",
					"@loader_path/Frameworks",
				);
				MARKETING_VERSION = 1.0;
				PRODUCT_BUNDLE_IDENTIFIER = "com.alimurad.gamingapp.Gaming-ApplicationTests";
				PRODUCT_NAME = "$(TARGET_NAME)";
				SWIFT_EMIT_LOC_STRINGS = NO;
				SWIFT_OBJC_BRIDGING_HEADER = "Gaming ApplicationTests/Gaming ApplicationTests-Bridging-Header.h";
				SWIFT_VERSION = 5.0;
				TARGETED_DEVICE_FAMILY = "1,2";
				TEST_HOST = "$(BUILT_PRODUCTS_DIR)/Gaming Application.app/Gaming Application";
			};
			name = Release;
		};
		5F15E7FE299505D000AE11DC /* Debug */ = {
			isa = XCBuildConfiguration;
			buildSettings = {
				ALWAYS_EMBED_SWIFT_STANDARD_LIBRARIES = YES;
				CODE_SIGN_STYLE = Automatic;
				CURRENT_PROJECT_VERSION = 1;
				GENERATE_INFOPLIST_FILE = YES;
				MARKETING_VERSION = 1.0;
				PRODUCT_BUNDLE_IDENTIFIER = "com.alimurad.gamingapp.Gaming-ApplicationUITests";
				PRODUCT_NAME = "$(TARGET_NAME)";
				SWIFT_EMIT_LOC_STRINGS = NO;
				SWIFT_VERSION = 5.0;
				TARGETED_DEVICE_FAMILY = "1,2";
				TEST_TARGET_NAME = "Gaming Application";
			};
			name = Debug;
		};
		5F15E7FF299505D000AE11DC /* Release */ = {
			isa = XCBuildConfiguration;
			buildSettings = {
				ALWAYS_EMBED_SWIFT_STANDARD_LIBRARIES = YES;
				CODE_SIGN_STYLE = Automatic;
				CURRENT_PROJECT_VERSION = 1;
				GENERATE_INFOPLIST_FILE = YES;
				MARKETING_VERSION = 1.0;
				PRODUCT_BUNDLE_IDENTIFIER = "com.alimurad.gamingapp.Gaming-ApplicationUITests";
				PRODUCT_NAME = "$(TARGET_NAME)";
				SWIFT_EMIT_LOC_STRINGS = NO;
				SWIFT_VERSION = 5.0;
				TARGETED_DEVICE_FAMILY = "1,2";
				TEST_TARGET_NAME = "Gaming Application";
			};
			name = Release;
		};
/* End XCBuildConfiguration section */

/* Begin XCConfigurationList section */
		5F15E7C8299505C800AE11DC /* Build configuration list for PBXProject "Gaming Application" */ = {
			isa = XCConfigurationList;
			buildConfigurations = (
				5F15E7F5299505D000AE11DC /* Debug */,
				5F15E7F6299505D000AE11DC /* Release */,
			);
			defaultConfigurationIsVisible = 0;
			defaultConfigurationName = Release;
		};
		5F15E7F7299505D000AE11DC /* Build configuration list for PBXNativeTarget "Gaming Application" */ = {
			isa = XCConfigurationList;
			buildConfigurations = (
				5F15E7F8299505D000AE11DC /* Debug */,
				5F15E7F9299505D000AE11DC /* Release */,
			);
			defaultConfigurationIsVisible = 0;
			defaultConfigurationName = Release;
		};
		5F15E7FA299505D000AE11DC /* Build configuration list for PBXNativeTarget "Gaming ApplicationTests" */ = {
			isa = XCConfigurationList;
			buildConfigurations = (
				5F15E7FB299505D000AE11DC /* Debug */,
				5F15E7FC299505D000AE11DC /* Release */,
			);
			defaultConfigurationIsVisible = 0;
			defaultConfigurationName = Release;
		};
		5F15E7FD299505D000AE11DC /* Build configuration list for PBXNativeTarget "Gaming ApplicationUITests" */ = {
			isa = XCConfigurationList;
			buildConfigurations = (
				5F15E7FE299505D000AE11DC /* Debug */,
				5F15E7FF299505D000AE11DC /* Release */,
			);
			defaultConfigurationIsVisible = 0;
			defaultConfigurationName = Release;
		};
/* End XCConfigurationList section */

/* Begin XCVersionGroup section */
		FA3A53BA2998165400490406 /* Favourite.xcdatamodeld */ = {
			isa = XCVersionGroup;
			children = (
				FA3A53BB2998165400490406 /* Favourite.xcdatamodel */,
			);
			currentVersion = FA3A53BB2998165400490406 /* Favourite.xcdatamodel */;
			path = Favourite.xcdatamodeld;
			sourceTree = "<group>";
			versionGroupType = wrapper.xcdatamodel;
		};
/* End XCVersionGroup section */
	};
	rootObject = 5F15E7C5299505C800AE11DC /* Project object */;
}
